lockfileVersion: 5.4

specifiers:
  '@tsconfig/node16': ^1.0.3
  i18n-js: ^4.2.2
  typescript: ^4.9.4

dependencies:
  '@tsconfig/node16': 1.0.3
  i18n-js: 4.2.2
  typescript: 4.9.4

packages:

  /@tsconfig/node16/1.0.3:
    resolution: {integrity: sha512-yOlFc+7UtL/89t2ZhjPvvB/DeAr3r+Dq58IgzsFkOAvVC6NMJXmCGjbptdXdR9qsX7pKcTL+s87FtYREi2dEEQ==}
    dev: false

  /bignumber.js/9.1.1:
    resolution: {integrity: sha512-pHm4LsMJ6lzgNGVfZHjMoO8sdoRhOzOH4MLmY65Jg70bpxCKu5iOHNJyfF6OyvYw7t8Fpf35RuzUyqnQsj8Vig==}
    dev: false

  /i18n-js/4.2.2:
    resolution: {integrity: sha512-Mpr6g9T3uB7xHD4LpuyeCEKVRKxedeTFduT+ft0Xu+i0qqWRJ3T+bIcb73bd0/qH2u2IHnCTRMfAKtjf6NsjJg==}
    dependencies:
      bignumber.js: 9.1.1
      lodash: 4.17.21
    dev: false

  /lodash/4.17.21:
    resolution: {integrity: sha512-v2kDEe57lecTulaDIuNTPy3Ry4gLGJ6Z1O3vE1krgXZNrsQ+LFTGHVxVjcXPs17LhbZVGedAJv8XZ1tvj5FvSg==}
    dev: false

  /typescript/4.9.4:
    resolution: {integrity: sha512-Uz+dTXYzxXXbsFpM86Wh3dKCxrQqUcVMxwU54orwlJjOpO3ao8L7j5lH+dWfTwgCwIuM9GQ2kvVotzYJMXTBZg==}
    engines: {node: '>=4.2.0'}
    hasBin: true
    dev: false
